
Microsoft Visual Studio Solution File, Format Version 12.00
Project("{FAE04EC0-301F-11D3-BF4B-00C04F79EFBC}") = "ProxyDemo", "ProxyDemo\ProxyDemo.csproj", "{B8405E0B-C1E8-4463-8C82-901BCF34E829}"
EndProject
Global
	GlobalSection(SolutionConfigurationPlatforms) = preSolution
		Debug|Any CPU = Debug|Any CPU
		Release|Any CPU = Release|Any CPU
	EndGlobalSection
	GlobalSection(ProjectConfigurationPlatforms) = postSolution
		{B8405E0B-C1E8-4463-8C82-901BCF34E829}.Debug|Any CPU.ActiveCfg = Debug|Any CPU
		{B8405E0B-C1E8-4463-8C82-901BCF34E829}.Debug|Any CPU.Build.0 = Debug|Any CPU
		{B8405E0B-C1E8-4463-8C82-901BCF34E829}.Release|Any CPU.ActiveCfg = Release|Any CPU
		{B8405E0B-C1E8-4463-8C82-901BCF34E829}.Release|Any CPU.Build.0 = Release|Any CPU
	EndGlobalSection
EndGlobal
